
Microsoft Visual Studio Solution File, Format Version 12.00
# Visual Studio 14
VisualStudioVersion = 14.0.25420.1
MinimumVisualStudioVersion = 10.0.40219.1
Project("{FAE04EC0-301F-11D3-BF4B-00C04F79EFBC}") = "BALCIOGLU_MarsRover", "BALCIOGLU_MarsRover\BALCIOGLU_MarsRover.csproj", "{556B62A1-F3DA-4771-8317-0CF4BBA7C2BC}"
EndProject
Project("{FAE04EC0-301F-11D3-BF4B-00C04F79EFBC}") = "TEST_BALCIOGLU_MarsRover", "TEST_BALCIOGLU_MarsRover\TEST_BALCIOGLU_MarsRover.csproj", "{0FB2BEC9-AB91-4AD8-9BA2-A037A4C14AFB}"
EndProject
Global
	GlobalSection(SolutionConfigurationPlatforms) = preSolution
		Debug|Any CPU = Debug|Any CPU
		Release|Any CPU = Release|Any CPU
	EndGlobalSection
	GlobalSection(ProjectConfigurationPlatforms) = postSolution
		{556B62A1-F3DA-4771-8317-0CF4BBA7C2BC}.Debug|Any CPU.ActiveCfg = Debug|Any CPU
		{556B62A1-F3DA-4771-8317-0CF4BBA7C2BC}.Debug|Any CPU.Build.0 = Debug|Any CPU
		{556B62A1-F3DA-4771-8317-0CF4BBA7C2BC}.Release|Any CPU.ActiveCfg = Release|Any CPU
		{556B62A1-F3DA-4771-8317-0CF4BBA7C2BC}.Release|Any CPU.Build.0 = Release|Any CPU
		{0FB2BEC9-AB91-4AD8-9BA2-A037A4C14AFB}.Debug|Any CPU.ActiveCfg = Debug|Any CPU
		{0FB2BEC9-AB91-4AD8-9BA2-A037A4C14AFB}.Debug|Any CPU.Build.0 = Debug|Any CPU
		{0FB2BEC9-AB91-4AD8-9BA2-A037A4C14AFB}.Release|Any CPU.ActiveCfg = Release|Any CPU
		{0FB2BEC9-AB91-4AD8-9BA2-A037A4C14AFB}.Release|Any CPU.Build.0 = Release|Any CPU
	EndGlobalSection
	GlobalSection(SolutionProperties) = preSolution
		HideSolutionNode = FALSE
	EndGlobalSection
EndGlobal
